lockfileVersion: '9.0'

settings:
  autoInstallPeers: true
  excludeLinksFromLockfile: false

importers:

  .:
    dependencies:
      '@cloudflare/workers-types':
        specifier: ^4.20250801.0
        version: 4.20260228.0

packages:

  '@cloudflare/workers-types@4.20260228.0':
    resolution: {integrity: sha512-9LfRg93ncQq6Oc4MFpqGSs+PmPhqWvg8TspXwbiYNR201IhXB4WqHR/aTSudPI0ujsf/NLc8E9fF3C+aA2g8KQ==}

snapshots:

  '@cloudflare/workers-types@4.20260228.0': {}
